// !$*UTF8*$!
{
	archiveVersion = 1;
	classes = {
	};
	objectVersion = 55;
	objects = {

/* Begin PBXBuildFile section */
		E92CE6A82876A63F00F0118B /* AppDelegate.swift in Sources */ = {isa = PBXBuildFile; fileRef = E92CE6A72876A63F00F0118B /* AppDelegate.swift */; };
		E92CE6AA2876A63F00F0118B /* SceneDelegate.swift in Sources */ = {isa = PBXBuildFile; fileRef = E92CE6A92876A63F00F0118B /* SceneDelegate.swift */; };
		E92CE6AC2876A63F00F0118B /* ViewController.swift in Sources */ = {isa = PBXBuildFile; fileRef = E92CE6AB2876A63F00F0118B /* ViewController.swift */; };
		E92CE6AF2876A63F00F0118B /* Main.storyboard in Resources */ = {isa = PBXBuildFile; fileRef = E92CE6AD2876A63F00F0118B /* Main.storyboard */; };
		E92CE6B12876A64000F0118B /* Assets.xcassets in Resources */ = {isa = PBXBuildFile; fileRef = E92CE6B02876A64000F0118B /* Assets.xcassets */; };
		E92CE6B42876A64000F0118B /* LaunchScreen.storyboard in Resources */ = {isa = PBXBuildFile; fileRef = E92CE6B22876A64000F0118B /* LaunchScreen.storyboard */; };
		E98114BD2878655900B8AFCB /* CustomTableViewCell.swift in Sources */ = {isa = PBXBuildFile; fileRef = E98114BC2878655900B8AFCB /* CustomTableViewCell.swift */; };
		E98114BF287C834100B8AFCB /* HowTo1ViewController.swift in Sources */ = {isa = PBXBuildFile; fileRef = E98114BE287C834100B8AFCB /* HowTo1ViewController.swift */; };
		E98114C1287C853900B8AFCB /* HowTo2ViewController.swift in Sources */ = {isa = PBXBuildFile; fileRef = E98114C0287C853900B8AFCB /* HowTo2ViewController.swift */; };
		E98114C3287C855000B8AFCB /* HowTo3ViewController.swift in Sources */ = {isa = PBXBuildFile; fileRef = E98114C2287C855000B8AFCB /* HowTo3ViewController.swift */; };
		E9ACBDEE2876AD62003ED9BA /* SettingViewController.swift in Sources */ = {isa = PBXBuildFile; fileRef = E9ACBDED2876AD62003ED9BA /* SettingViewController.swift */; };
		E9ACBDF02876BB32003ED9BA /* GoalStruct.swift in Sources */ = {isa = PBXBuildFile; fileRef = E9ACBDEF2876BB32003ED9BA /* GoalStruct.swift */; };
		E9ACBDF22876BEC6003ED9BA /* AddTaskViewController.swift in Sources */ = {isa = PBXBuildFile; fileRef = E9ACBDF12876BEC6003ED9BA /* AddTaskViewController.swift */; };
/* End PBXBuildFile section */

/* Begin PBXFileReference section */
		E92CE6A42876A63F00F0118B /* fews.app */ = {isa = PBXFileReference; explicitFileType = wrapper.application; includeInIndex = 0; path = fews.app; sourceTree = BUILT_PRODUCTS_DIR; };
		E92CE6A72876A63F00F0118B /* AppDelegate.swift */ = {isa = PBXFileReference; lastKnownFileType = sourcecode.swift; path = AppDelegate.swift; sourceTree = "<group>"; };
		E92CE6A92876A63F00F0118B /* SceneDelegate.swift */ = {isa = PBXFileReference; lastKnownFileType = sourcecode.swift; path = SceneDelegate.swift; sourceTree = "<group>"; };
		E92CE6AB2876A63F00F0118B /* ViewController.swift */ = {isa = PBXFileReference; lastKnownFileType = sourcecode.swift; path = ViewController.swift; sourceTree = "<group>"; };
		E92CE6AE2876A63F00F0118B /* Base */ = {isa = PBXFileReference; lastKnownFileType = file.storyboard; name = Base; path = Base.lproj/Main.storyboard; sourceTree = "<group>"; };
		E92CE6B02876A64000F0118B /* Assets.xcassets */ = {isa = PBXFileReference; lastKnownFileType = folder.assetcatalog; path = Assets.xcassets; sourceTree = "<group>"; };
		E92CE6B32876A64000F0118B /* Base */ = {isa = PBXFileReference; lastKnownFileType = file.storyboard; name = Base; path = Base.lproj/LaunchScreen.storyboard; sourceTree = "<group>"; };
		E92CE6B52876A64000F0118B /* Info.plist */ = {isa = PBXFileReference; lastKnownFileType = text.plist.xml; path = Info.plist; sourceTree = "<group>"; };
		E98114BC2878655900B8AFCB /* CustomTableViewCell.swift */ = {isa = PBXFileReference; lastKnownFileType = sourcecode.swift; path = CustomTableViewCell.swift; sourceTree = "<group>"; };
		E98114BE287C834100B8AFCB /* HowTo1ViewController.swift */ = {isa = PBXFileReference; lastKnownFileType = sourcecode.swift; path = HowTo1ViewController.swift; sourceTree = "<group>"; };
		E98114C0287C853900B8AFCB /* HowTo2ViewController.swift */ = {isa = PBXFileReference; lastKnownFileType = sourcecode.swift; path = HowTo2ViewController.swift; sourceTree = "<group>"; };
		E98114C2287C855000B8AFCB /* HowTo3ViewController.swift */ = {isa = PBXFileReference; lastKnownFileType = sourcecode.swift; path = HowTo3ViewController.swift; sourceTree = "<group>"; };
		E9ACBDED2876AD62003ED9BA /* SettingViewController.swift */ = {isa = PBXFileReference; lastKnownFileType = sourcecode.swift; path = SettingViewController.swift; sourceTree = "<group>"; };
		E9ACBDEF2876BB32003ED9BA /* GoalStruct.swift */ = {isa = PBXFileReference; lastKnownFileType = sourcecode.swift; path = GoalStruct.swift; sourceTree = "<group>"; };
		E9ACBDF12876BEC6003ED9BA /* AddTaskViewController.swift */ = {isa = PBXFileReference; lastKnownFileType = sourcecode.swift; path = AddTaskViewController.swift; sourceTree = "<group>"; };
/* End PBXFileReference section */

/* Begin PBXFrameworksBuildPhase section */
		E92CE6A12876A63F00F0118B /* Frameworks */ = {
			isa = PBXFrameworksBuildPhase;
			buildActionMask = 2147483647;
			files = (
			);
			runOnlyForDeploymentPostprocessing = 0;
		};
/* End PBXFrameworksBuildPhase section */

/* Begin PBXGroup section */
		E92CE69B2876A63F00F0118B = {
			isa = PBXGroup;
			children = (
				E92CE6A62876A63F00F0118B /* fews */,
				E92CE6A52876A63F00F0118B /* Products */,
			);
			sourceTree = "<group>";
		};
		E92CE6A52876A63F00F0118B /* Products */ = {
			isa = PBXGroup;
			children = (
				E92CE6A42876A63F00F0118B /* fews.app */,
			);
			name = Products;
			sourceTree = "<group>";
		};
		E92CE6A62876A63F00F0118B /* fews */ = {
			isa = PBXGroup;
			children = (
				E92CE6A72876A63F00F0118B /* AppDelegate.swift */,
				E92CE6A92876A63F00F0118B /* SceneDelegate.swift */,
				E92CE6AB2876A63F00F0118B /* ViewController.swift */,
				E9ACBDEF2876BB32003ED9BA /* GoalStruct.swift */,
				E92CE6AD2876A63F00F0118B /* Main.storyboard */,
				E98114BE287C834100B8AFCB /* HowTo1ViewController.swift */,
				E98114C0287C853900B8AFCB /* HowTo2ViewController.swift */,
				E98114C2287C855000B8AFCB /* HowTo3ViewController.swift */,
				E98114BC2878655900B8AFCB /* CustomTableViewCell.swift */,
				E9ACBDED2876AD62003ED9BA /* SettingViewController.swift */,
				E9ACBDF12876BEC6003ED9BA /* AddTaskViewController.swift */,
				E92CE6B02876A64000F0118B /* Assets.xcassets */,
				E92CE6B22876A64000F0118B /* LaunchScreen.storyboard */,
				E92CE6B52876A64000F0118B /* Info.plist */,
			);
			path = fews;
			sourceTree = "<group>";
		};
/* End PBXGroup section */

/* Begin PBXNativeTarget section */
		E92CE6A32876A63F00F0118B /* fews */ = {
			isa = PBXNativeTarget;
			buildConfigurationList = E92CE6B82876A64000F0118B /* Build configuration list for PBXNativeTarget "fews" */;
			buildPhases = (
				E92CE6A02876A63F00F0118B /* Sources */,
				E92CE6A12876A63F00F0118B /* Frameworks */,
				E92CE6A22876A63F00F0118B /* Resources */,
			);
			buildRules = (
			);
			dependencies = (
			);
			name = fews;
			productName = fews;
			productReference = E92CE6A42876A63F00F0118B /* fews.app */;
			productType = "com.apple.product-type.application";
		};
/* End PBXNativeTarget section */

/* Begin PBXProject section */
		E92CE69C2876A63F00F0118B /* Project object */ = {
			isa = PBXProject;
			attributes = {
				BuildIndependentTargetsInParallel = 1;
				LastSwiftUpdateCheck = 1340;
				LastUpgradeCheck = 1340;
				TargetAttributes = {
					E92CE6A32876A63F00F0118B = {
						CreatedOnToolsVersion = 13.4.1;
					};
				};
			};
			buildConfigurationList = E92CE69F2876A63F00F0118B /* Build configuration list for PBXProject "fews" */;
			compatibilityVersion = "Xcode 13.0";
			developmentRegion = en;
			hasScannedForEncodings = 0;
			knownRegions = (
				en,
				Base,
			);
			mainGroup = E92CE69B2876A63F00F0118B;
			productRefGroup = E92CE6A52876A63F00F0118B /* Products */;
			projectDirPath = "";
			projectRoot = "";
			targets = (
				E92CE6A32876A63F00F0118B /* fews */,
			);
		};
/* End PBXProject section */

/* Begin PBXResourcesBuildPhase section */
		E92CE6A22876A63F00F0118B /* Resources */ = {
			isa = PBXResourcesBuildPhase;
			buildActionMask = 2147483647;
			files = (
				E92CE6B42876A64000F0118B /* LaunchScreen.storyboard in Resources */,
				E92CE6B12876A64000F0118B /* Assets.xcassets in Resources */,
				E92CE6AF2876A63F00F0118B /* Main.storyboard in Resources */,
			);
			runOnlyForDeploymentPostprocessing = 0;
		};
/* End PBXResourcesBuildPhase section */

/* Begin PBXSourcesBuildPhase section */
		E92CE6A02876A63F00F0118B /* Sources */ = {
			isa = PBXSourcesBuildPhase;
			buildActionMask = 2147483647;
			files = (
				E98114C1287C853900B8AFCB /* HowTo2ViewController.swift in Sources */,
				E92CE6AC2876A63F00F0118B /* ViewController.swift in Sources */,
				E9ACBDF22876BEC6003ED9BA /* AddTaskViewController.swift in Sources */,
				E92CE6A82876A63F00F0118B /* AppDelegate.swift in Sources */,
				E98114BD2878655900B8AFCB /* CustomTableViewCell.swift in Sources */,
				E92CE6AA2876A63F00F0118B /* SceneDelegate.swift in Sources */,
				E9ACBDF02876BB32003ED9BA /* GoalStruct.swift in Sources */,
				E98114BF287C834100B8AFCB /* HowTo1ViewController.swift in Sources */,
				E98114C3287C855000B8AFCB /* HowTo3ViewController.swift in Sources */,
				E9ACBDEE2876AD62003ED9BA /* SettingViewController.swift in Sources */,
			);
			runOnlyForDeploymentPostprocessing = 0;
		};
/* End PBXSourcesBuildPhase section */

/* Begin PBXVariantGroup section */
		E92CE6AD2876A63F00F0118B /* Main.storyboard */ = {
			isa = PBXVariantGroup;
			children = (
				E92CE6AE2876A63F00F0118B /* Base */,
			);
			name = Main.storyboard;
			sourceTree = "<group>";
		};
		E92CE6B22876A64000F0118B /* LaunchScreen.storyboard */ = {
			isa = PBXVariantGroup;
			children = (
				E92CE6B32876A64000F0118B /* Base */,
			);
			name = LaunchScreen.storyboard;
			sourceTree = "<group>";
		};
/* End PBXVariantGroup section */

/* Begin XCBuildConfiguration section */
		E92CE6B62876A64000F0118B /* Debug */ = {
			isa = XCBuildConfiguration;
			buildSettings = {
				ALWAYS_SEARCH_USER_PATHS = NO;
				CLANG_ANALYZER_NONNULL = YES;
				CLANG_ANALYZER_NUMBER_OBJECT_CONVERSION = YES_AGGRESSIVE;
				CLANG_CXX_LANGUAGE_STANDARD = "gnu++17";
				CLANG_ENABLE_MODULES = YES;
				CLANG_ENABLE_OBJC_ARC = YES;
				CLANG_ENABLE_OBJC_WEAK = YES;
				CLANG_WARN_BLOCK_CAPTURE_AUTORELEASING = YES;
				CLANG_WARN_BOOL_CONVERSION = YES;
				CLANG_WARN_COMMA = YES;
				CLANG_WARN_CONSTANT_CONVERSION = YES;
				CLANG_WARN_DEPRECATED_OBJC_IMPLEMENTATIONS = YES;
				CLANG_WARN_DIRECT_OBJC_ISA_USAGE = YES_ERROR;
				CLANG_WARN_DOCUMENTATION_COMMENTS = YES;
				CLANG_WARN_EMPTY_BODY = YES;
				CLANG_WARN_ENUM_CONVERSION = YES;
				CLANG_WARN_INFINITE_RECURSION = YES;
				CLANG_WARN_INT_CONVERSION = YES;
				CLANG_WARN_NON_LITERAL_NULL_CONVERSION = YES;
				CLANG_WARN_OBJC_IMPLICIT_RETAIN_SELF = YES;
				CLANG_WARN_OBJC_LITERAL_CONVERSION = YES;
				CLANG_WARN_OBJC_ROOT_CLASS = YES_ERROR;
				CLANG_WARN_QUOTED_INCLUDE_IN_FRAMEWORK_HEADER = YES;
				CLANG_WARN_RANGE_LOOP_ANALYSIS = YES;
				CLANG_WARN_STRICT_PROTOTYPES = YES;
				CLANG_WARN_SUSPICIOUS_MOVE = YES;
				CLANG_WARN_UNGUARDED_AVAILABILITY = YES_AGGRESSIVE;
				CLANG_WARN_UNREACHABLE_CODE = YES;
				CLANG_WARN__DUPLICATE_METHOD_MATCH = YES;
				COPY_PHASE_STRIP = NO;
				DEBUG_INFORMATION_FORMAT = dwarf;
				ENABLE_STRICT_OBJC_MSGSEND = YES;
				ENABLE_TESTABILITY = YES;
				GCC_C_LANGUAGE_STANDARD = gnu11;
				GCC_DYNAMIC_NO_PIC = NO;
				GCC_NO_COMMON_BLOCKS = YES;
				GCC_OPTIMIZATION_LEVEL = 0;
				GCC_PREPROCESSOR_DEFINITIONS = (
					"DEBUG=1",
					"$(inherited)",
				);
				GCC_WARN_64_TO_32_BIT_CONVERSION = YES;
				GCC_WARN_ABOUT_RETURN_TYPE = YES_ERROR;
				GCC_WARN_UNDECLARED_SELECTOR = YES;
				GCC_WARN_UNINITIALIZED_AUTOS = YES_AGGRESSIVE;
				GCC_WARN_UNUSED_FUNCTION = YES;
				GCC_WARN_UNUSED_VARIABLE = YES;
				IPHONEOS_DEPLOYMENT_TARGET = 15.5;
				MTL_ENABLE_DEBUG_INFO = INCLUDE_SOURCE;
				MTL_FAST_MATH = YES;
				ONLY_ACTIVE_ARCH = YES;
				SDKROOT = iphoneos;
				SWIFT_ACTIVE_COMPILATION_CONDITIONS = DEBUG;
				SWIFT_OPTIMIZATION_LEVEL = "-Onone";
			};
			name = Debug;
		};
		E92CE6B72876A64000F0118B /* Release */ = {
			isa = XCBuildConfiguration;
			buildSettings = {
				ALWAYS_SEARCH_USER_PATHS = NO;
				CLANG_ANALYZER_NONNULL = YES;
				CLANG_ANALYZER_NUMBER_OBJECT_CONVERSION = YES_AGGRESSIVE;
				CLANG_CXX_LANGUAGE_STANDARD = "gnu++17";
				CLANG_ENABLE_MODULES = YES;
				CLANG_ENABLE_OBJC_ARC = YES;
				CLANG_ENABLE_OBJC_WEAK = YES;
				CLANG_WARN_BLOCK_CAPTURE_AUTORELEASING = YES;
				CLANG_WARN_BOOL_CONVERSION = YES;
				CLANG_WARN_COMMA = YES;
				CLANG_WARN_CONSTANT_CONVERSION = YES;
				CLANG_WARN_DEPRECATED_OBJC_IMPLEMENTATIONS = YES;
				CLANG_WARN_DIRECT_OBJC_ISA_USAGE = YES_ERROR;
				CLANG_WARN_DOCUMENTATION_COMMENTS = YES;
				CLANG_WARN_EMPTY_BODY = YES;
				CLANG_WARN_ENUM_CONVERSION = YES;
				CLANG_WARN_INFINITE_RECURSION = YES;
				CLANG_WARN_INT_CONVERSION = YES;
				CLANG_WARN_NON_LITERAL_NULL_CONVERSION = YES;
				CLANG_WARN_OBJC_IMPLICIT_RETAIN_SELF = YES;
				CLANG_WARN_OBJC_LITERAL_CONVERSION = YES;
				CLANG_WARN_OBJC_ROOT_CLASS = YES_ERROR;
				CLANG_WARN_QUOTED_INCLUDE_IN_FRAMEWORK_HEADER = YES;
				CLANG_WARN_RANGE_LOOP_ANALYSIS = YES;
				CLANG_WARN_STRICT_PROTOTYPES = YES;
				CLANG_WARN_SUSPICIOUS_MOVE = YES;
				CLANG_WARN_UNGUARDED_AVAILABILITY = YES_AGGRESSIVE;
				CLANG_WARN_UNREACHABLE_CODE = YES;
				CLANG_WARN__DUPLICATE_METHOD_MATCH = YES;
				COPY_PHASE_STRIP = NO;
				DEBUG_INFORMATION_FORMAT = "dwarf-with-dsym";
				ENABLE_NS_ASSERTIONS = NO;
				ENABLE_STRICT_OBJC_MSGSEND = YES;
				GCC_C_LANGUAGE_STANDARD = gnu11;
				GCC_NO_COMMON_BLOCKS = YES;
				GCC_WARN_64_TO_32_BIT_CONVERSION = YES;
				GCC_WARN_ABOUT_RETURN_TYPE = YES_ERROR;
				GCC_WARN_UNDECLARED_SELECTOR = YES;
				GCC_WARN_UNINITIALIZED_AUTOS = YES_AGGRESSIVE;
				GCC_WARN_UNUSED_FUNCTION = YES;
				GCC_WARN_UNUSED_VARIABLE = YES;
				IPHONEOS_DEPLOYMENT_TARGET = 15.5;
				MTL_ENABLE_DEBUG_INFO = NO;
				MTL_FAST_MATH = YES;
				SDKROOT = iphoneos;
				SWIFT_COMPILATION_MODE = wholemodule;
				SWIFT_OPTIMIZATION_LEVEL = "-O";
				VALIDATE_PRODUCT = YES;
			};
			name = Release;
		};
		E92CE6B92876A64000F0118B /* Debug */ = {
			isa = XCBuildConfiguration;
			buildSettings = {
				ASSETCATALOG_COMPILER_APPICON_NAME = AppIcon;
				ASSETCATALOG_COMPILER_GLOBAL_ACCENT_COLOR_NAME = AccentColor;
				CODE_SIGN_STYLE = Automatic;
				CURRENT_PROJECT_VERSION = 1;
				DEVELOPMENT_TEAM = ZVXH8969VU;
				GENERATE_INFOPLIST_FILE = YES;
				INFOPLIST_FILE = fews/Info.plist;
				INFOPLIST_KEY_UIApplicationSupportsIndirectInputEvents = YES;
				INFOPLIST_KEY_UILaunchStoryboardName = LaunchScreen;
				INFOPLIST_KEY_UIMainStoryboardFile = Main;
				INFOPLIST_KEY_UISupportedInterfaceOrientations_iPad = "UIInterfaceOrientationPortrait UIInterfaceOrientationPortraitUpsideDown UIInterfaceOrientationLandscapeLeft UIInterfaceOrientationLandscapeRight";
				INFOPLIST_KEY_UISupportedInterfaceOrientations_iPhone = "UIInterfaceOrientationPortrait UIInterfaceOrientationLandscapeLeft UIInterfaceOrientationLandscapeRight";
				LD_RUNPATH_SEARCH_PATHS = (
					"$(inherited)",
					"@executable_path/Frameworks",
				);
				MARKETING_VERSION = 1.0;
				PRODUCT_BUNDLE_IDENTIFIER = "com.zzong-a.tistory.fews";
				PRODUCT_NAME = "$(TARGET_NAME)";
				SWIFT_EMIT_LOC_STRINGS = YES;
				SWIFT_VERSION = 5.0;
				TARGETED_DEVICE_FAMILY = "1,2";
			};
			name = Debug;
		};
		E92CE6BA2876A64000F0118B /* Release */ = {
			isa = XCBuildConfiguration;
			buildSettings = {
				ASSETCATALOG_COMPILER_APPICON_NAME = AppIcon;
				ASSETCATALOG_COMPILER_GLOBAL_ACCENT_COLOR_NAME = AccentColor;
				CODE_SIGN_STYLE = Automatic;
				CURRENT_PROJECT_VERSION = 1;
				DEVELOPMENT_TEAM = ZVXH8969VU;
				GENERATE_INFOPLIST_FILE = YES;
				INFOPLIST_FILE = fews/Info.plist;
				INFOPLIST_KEY_UIApplicationSupportsIndirectInputEvents = YES;
				INFOPLIST_KEY_UILaunchStoryboardName = LaunchScreen;
				INFOPLIST_KEY_UIMainStoryboardFile = Main;
				INFOPLIST_KEY_UISupportedInterfaceOrientations_iPad = "UIInterfaceOrientationPortrait UIInterfaceOrientationPortraitUpsideDown UIInterfaceOrientationLandscapeLeft UIInterfaceOrientationLandscapeRight";
				INFOPLIST_KEY_UISupportedInterfaceOrientations_iPhone = "UIInterfaceOrientationPortrait UIInterfaceOrientationLandscapeLeft UIInterfaceOrientationLandscapeRight";
				LD_RUNPATH_SEARCH_PATHS = (
					"$(inherited)",
					"@executable_path/Frameworks",
				);
				MARKETING_VERSION = 1.0;
				PRODUCT_BUNDLE_IDENTIFIER = "com.zzong-a.tistory.fews";
				PRODUCT_NAME = "$(TARGET_NAME)";
				SWIFT_EMIT_LOC_STRINGS = YES;
				SWIFT_VERSION = 5.0;
				TARGETED_DEVICE_FAMILY = "1,2";
			};
			name = Release;
		};
/* End XCBuildConfiguration section */

/* Begin XCConfigurationList section */
		E92CE69F2876A63F00F0118B /* Build configuration list for PBXProject "fews" */ = {
			isa = XCConfigurationList;
			buildConfigurations = (
				E92CE6B62876A64000F0118B /* Debug */,
				E92CE6B72876A64000F0118B /* Release */,
			);
			defaultConfigurationIsVisible = 0;
			defaultConfigurationName = Release;
		};
		E92CE6B82876A64000F0118B /* Build configuration list for PBXNativeTarget "fews" */ = {
			isa = XCConfigurationList;
			buildConfigurations = (
				E92CE6B92876A64000F0118B /* Debug */,
				E92CE6BA2876A64000F0118B /* Release */,
			);
			defaultConfigurationIsVisible = 0;
			defaultConfigurationName = Release;
		};
/* End XCConfigurationList section */
	};
	rootObject = E92CE69C2876A63F00F0118B /* Project object */;
}
